schema: '2.0'
stages:
  test-dvclive:
    cmd: python test_live_metrics.py
    params:
      params.yaml:
        epochs: 15
        trigger: 1
    outs:
    - path: dvclive/metrics.json
      md5: fc04f689a90487f528bac351f66427d8
      size: 80
    - path: dvclive/plots
      md5: b11d28d2d611fa8469b45386bcd8bdc8.dir
      size: 645
      nfiles: 2
