schema: '2.0'
stages:
  test-dvclive:
    cmd: python test_live_metrics.py
    params:
      params.yaml:
        epochs: 11
        trigger: 1
    outs:
    - path: dvclive/metrics.json
      md5: a94f757f38e148136da43c3b17749baa
      size: 80
    - path: dvclive/plots
      md5: 22ac43986134e42cd02f53c629afec35.dir
      size: 469
      nfiles: 2
